
Microsoft Visual Studio Solution File, Format Version 12.00
# Visual Studio 15
VisualStudioVersion = 15.0.28307.421
MinimumVisualStudioVersion = 10.0.40219.1
Project("{FAE04EC0-301F-11D3-BF4B-00C04F79EFBC}") = "TwittBlock", "TwittBlock.csproj", "{146ECC69-C5C0-4831-969A-C1DF4F65E755}"
EndProject
Global
	GlobalSection(SolutionConfigurationPlatforms) = preSolution
		Debug|Any CPU = Debug|Any CPU
		Release|Any CPU = Release|Any CPU
	EndGlobalSection
	GlobalSection(ProjectConfigurationPlatforms) = postSolution
		{146ECC69-C5C0-4831-969A-C1DF4F65E755}.Debug|Any CPU.ActiveCfg = Debug|Any CPU
		{146ECC69-C5C0-4831-969A-C1DF4F65E755}.Debug|Any CPU.Build.0 = Debug|Any CPU
		{146ECC69-C5C0-4831-969A-C1DF4F65E755}.Release|Any CPU.ActiveCfg = Release|Any CPU
		{146ECC69-C5C0-4831-969A-C1DF4F65E755}.Release|Any CPU.Build.0 = Release|Any CPU
	EndGlobalSection
	GlobalSection(SolutionProperties) = preSolution
		HideSolutionNode = FALSE
	EndGlobalSection
	GlobalSection(ExtensibilityGlobals) = postSolution
		SolutionGuid = {5593A43A-5CE2-4A1B-B1B8-B9B26C084659}
	EndGlobalSection
EndGlobal
